
Microsoft Visual Studio Solution File, Format Version 12.00
# Visual Studio Version 16
VisualStudioVersion = 16.0.32630.194
MinimumVisualStudioVersion = 10.0.40219.1
Project("{FAE04EC0-301F-11D3-BF4B-00C04F79EFBC}") = "AdoNet1", "AdoNet1\AdoNet1.csproj", "{98772A4A-848C-41C1-BFB7-FE1A44C7CDDC}"
EndProject
Project("{FAE04EC0-301F-11D3-BF4B-00C04F79EFBC}") = "AdoNet2_1", "AdoNet2_1\AdoNet2_1.csproj", "{F4A7B31C-7A0C-4DFF-BC1B-ABB68F97F916}"
EndProject
Project("{FAE04EC0-301F-11D3-BF4B-00C04F79EFBC}") = "AdoNet2_2", "AdoNet2_2\AdoNet2_2.csproj", "{0E73456F-310D-4602-8EF1-281D29DBA720}"
EndProject
Project("{FAE04EC0-301F-11D3-BF4B-00C04F79EFBC}") = "AdoNet3_1", "AdoNet3_1\AdoNet3_1.csproj", "{4DE81D64-8E52-4B26-9702-33BD2EFE3CF8}"
EndProject
Project("{FAE04EC0-301F-11D3-BF4B-00C04F79EFBC}") = "AdoNet3_2", "AdoNet3_2\AdoNet3_2.csproj", "{3AA69A54-06A0-4AD8-9C51-5B7794CA229F}"
EndProject
Project("{FAE04EC0-301F-11D3-BF4B-00C04F79EFBC}") = "AdoNet4_1", "AdoNet4_1\AdoNet4_1.csproj", "{931357B5-7B0B-4B5E-A50E-FD5AE10FE391}"
EndProject
Project("{FAE04EC0-301F-11D3-BF4B-00C04F79EFBC}") = "AdoNet4_2", "AdoNet4_2\AdoNet4_2.csproj", "{600AA927-E0C7-431F-BB07-8B9187BE508B}"
EndProject
Project("{FAE04EC0-301F-11D3-BF4B-00C04F79EFBC}") = "AdoNet5_1", "AdoNet5_1\AdoNet5_1.csproj", "{4F873B0F-6A55-46A6-B0BA-19713CB1F787}"
EndProject
Project("{FAE04EC0-301F-11D3-BF4B-00C04F79EFBC}") = "AdoNet5_2", "AdoNet5_2\AdoNet5_2.csproj", "{A5A7FCA0-0551-478F-94ED-71E5F5C414A2}"
EndProject
Project("{FAE04EC0-301F-11D3-BF4B-00C04F79EFBC}") = "AdoNet6_1", "AdoNet6_1\AdoNet6_1.csproj", "{69E49C77-F460-43CF-B25B-3242CAC1BDBD}"
EndProject
Project("{FAE04EC0-301F-11D3-BF4B-00C04F79EFBC}") = "AdoNet7_1", "AdoNet7_1\AdoNet7_1.csproj", "{F30A7ADA-6411-480E-9C07-3B78CAD259CF}"
EndProject
Project("{FAE04EC0-301F-11D3-BF4B-00C04F79EFBC}") = "AdoNet8_1", "AdoNet8_1\AdoNet8_1.csproj", "{4ED16CD7-FD80-4C84-84BC-B978233262B8}"
EndProject
Project("{FAE04EC0-301F-11D3-BF4B-00C04F79EFBC}") = "AdoNet9_1", "AdoNet9_1\AdoNet9_1.csproj", "{B9E2992D-928C-459C-9ED1-69B4912C6791}"
EndProject
Project("{FAE04EC0-301F-11D3-BF4B-00C04F79EFBC}") = "AdoNet9_2", "AdoNet9_2\AdoNet9_2.csproj", "{F10E531E-34CC-433E-9377-9EFD0EBE2DFC}"
EndProject
Project("{FAE04EC0-301F-11D3-BF4B-00C04F79EFBC}") = "AdoNet11_1", "AdoNet11_1\AdoNet11_1.csproj", "{A190E4DF-BCD6-4BF9-9126-8B54BAB3037D}"
EndProject
Global
	GlobalSection(SolutionConfigurationPlatforms) = preSolution
		Debug|Any CPU = Debug|Any CPU
		Release|Any CPU = Release|Any CPU
	EndGlobalSection
	GlobalSection(ProjectConfigurationPlatforms) = postSolution
		{98772A4A-848C-41C1-BFB7-FE1A44C7CDDC}.Debug|Any CPU.ActiveCfg = Debug|Any CPU
		{98772A4A-848C-41C1-BFB7-FE1A44C7CDDC}.Debug|Any CPU.Build.0 = Debug|Any CPU
		{98772A4A-848C-41C1-BFB7-FE1A44C7CDDC}.Release|Any CPU.ActiveCfg = Release|Any CPU
		{98772A4A-848C-41C1-BFB7-FE1A44C7CDDC}.Release|Any CPU.Build.0 = Release|Any CPU
		{F4A7B31C-7A0C-4DFF-BC1B-ABB68F97F916}.Debug|Any CPU.ActiveCfg = Debug|Any CPU
		{F4A7B31C-7A0C-4DFF-BC1B-ABB68F97F916}.Debug|Any CPU.Build.0 = Debug|Any CPU
		{F4A7B31C-7A0C-4DFF-BC1B-ABB68F97F916}.Release|Any CPU.ActiveCfg = Release|Any CPU
		{F4A7B31C-7A0C-4DFF-BC1B-ABB68F97F916}.Release|Any CPU.Build.0 = Release|Any CPU
		{0E73456F-310D-4602-8EF1-281D29DBA720}.Debug|Any CPU.ActiveCfg = Debug|Any CPU
		{0E73456F-310D-4602-8EF1-281D29DBA720}.Debug|Any CPU.Build.0 = Debug|Any CPU
		{0E73456F-310D-4602-8EF1-281D29DBA720}.Release|Any CPU.ActiveCfg = Release|Any CPU
		{0E73456F-310D-4602-8EF1-281D29DBA720}.Release|Any CPU.Build.0 = Release|Any CPU
		{4DE81D64-8E52-4B26-9702-33BD2EFE3CF8}.Debug|Any CPU.ActiveCfg = Debug|Any CPU
		{4DE81D64-8E52-4B26-9702-33BD2EFE3CF8}.Debug|Any CPU.Build.0 = Debug|Any CPU
		{4DE81D64-8E52-4B26-9702-33BD2EFE3CF8}.Release|Any CPU.ActiveCfg = Release|Any CPU
		{4DE81D64-8E52-4B26-9702-33BD2EFE3CF8}.Release|Any CPU.Build.0 = Release|Any CPU
		{3AA69A54-06A0-4AD8-9C51-5B7794CA229F}.Debug|Any CPU.ActiveCfg = Debug|Any CPU
		{3AA69A54-06A0-4AD8-9C51-5B7794CA229F}.Debug|Any CPU.Build.0 = Debug|Any CPU
		{3AA69A54-06A0-4AD8-9C51-5B7794CA229F}.Release|Any CPU.ActiveCfg = Release|Any CPU
		{3AA69A54-06A0-4AD8-9C51-5B7794CA229F}.Release|Any CPU.Build.0 = Release|Any CPU
		{931357B5-7B0B-4B5E-A50E-FD5AE10FE391}.Debug|Any CPU.ActiveCfg = Debug|Any CPU
		{931357B5-7B0B-4B5E-A50E-FD5AE10FE391}.Debug|Any CPU.Build.0 = Debug|Any CPU
		{931357B5-7B0B-4B5E-A50E-FD5AE10FE391}.Release|Any CPU.ActiveCfg = Release|Any CPU
		{931357B5-7B0B-4B5E-A50E-FD5AE10FE391}.Release|Any CPU.Build.0 = Release|Any CPU
		{600AA927-E0C7-431F-BB07-8B9187BE508B}.Debug|Any CPU.ActiveCfg = Debug|Any CPU
		{600AA927-E0C7-431F-BB07-8B9187BE508B}.Debug|Any CPU.Build.0 = Debug|Any CPU
		{600AA927-E0C7-431F-BB07-8B9187BE508B}.Release|Any CPU.ActiveCfg = Release|Any CPU
		{600AA927-E0C7-431F-BB07-8B9187BE508B}.Release|Any CPU.Build.0 = Release|Any CPU
		{4F873B0F-6A55-46A6-B0BA-19713CB1F787}.Debug|Any CPU.ActiveCfg = Debug|Any CPU
		{4F873B0F-6A55-46A6-B0BA-19713CB1F787}.Debug|Any CPU.Build.0 = Debug|Any CPU
		{4F873B0F-6A55-46A6-B0BA-19713CB1F787}.Release|Any CPU.ActiveCfg = Release|Any CPU
		{4F873B0F-6A55-46A6-B0BA-19713CB1F787}.Release|Any CPU.Build.0 = Release|Any CPU
		{A5A7FCA0-0551-478F-94ED-71E5F5C414A2}.Debug|Any CPU.ActiveCfg = Debug|Any CPU
		{A5A7FCA0-0551-478F-94ED-71E5F5C414A2}.Debug|Any CPU.Build.0 = Debug|Any CPU
		{A5A7FCA0-0551-478F-94ED-71E5F5C414A2}.Release|Any CPU.ActiveCfg = Release|Any CPU
		{A5A7FCA0-0551-478F-94ED-71E5F5C414A2}.Release|Any CPU.Build.0 = Release|Any CPU
		{69E49C77-F460-43CF-B25B-3242CAC1BDBD}.Debug|Any CPU.ActiveCfg = Debug|Any CPU
		{69E49C77-F460-43CF-B25B-3242CAC1BDBD}.Debug|Any CPU.Build.0 = Debug|Any CPU
		{69E49C77-F460-43CF-B25B-3242CAC1BDBD}.Release|Any CPU.ActiveCfg = Release|Any CPU
		{69E49C77-F460-43CF-B25B-3242CAC1BDBD}.Release|Any CPU.Build.0 = Release|Any CPU
		{F30A7ADA-6411-480E-9C07-3B78CAD259CF}.Debug|Any CPU.ActiveCfg = Debug|Any CPU
		{F30A7ADA-6411-480E-9C07-3B78CAD259CF}.Debug|Any CPU.Build.0 = Debug|Any CPU
		{F30A7ADA-6411-480E-9C07-3B78CAD259CF}.Release|Any CPU.ActiveCfg = Release|Any CPU
		{F30A7ADA-6411-480E-9C07-3B78CAD259CF}.Release|Any CPU.Build.0 = Release|Any CPU
		{4ED16CD7-FD80-4C84-84BC-B978233262B8}.Debug|Any CPU.ActiveCfg = Debug|Any CPU
		{4ED16CD7-FD80-4C84-84BC-B978233262B8}.Debug|Any CPU.Build.0 = Debug|Any CPU
		{4ED16CD7-FD80-4C84-84BC-B978233262B8}.Release|Any CPU.ActiveCfg = Release|Any CPU
		{4ED16CD7-FD80-4C84-84BC-B978233262B8}.Release|Any CPU.Build.0 = Release|Any CPU
		{B9E2992D-928C-459C-9ED1-69B4912C6791}.Debug|Any CPU.ActiveCfg = Debug|Any CPU
		{B9E2992D-928C-459C-9ED1-69B4912C6791}.Debug|Any CPU.Build.0 = Debug|Any CPU
		{B9E2992D-928C-459C-9ED1-69B4912C6791}.Release|Any CPU.ActiveCfg = Release|Any CPU
		{B9E2992D-928C-459C-9ED1-69B4912C6791}.Release|Any CPU.Build.0 = Release|Any CPU
		{F10E531E-34CC-433E-9377-9EFD0EBE2DFC}.Debug|Any CPU.ActiveCfg = Debug|Any CPU
		{F10E531E-34CC-433E-9377-9EFD0EBE2DFC}.Debug|Any CPU.Build.0 = Debug|Any CPU
		{F10E531E-34CC-433E-9377-9EFD0EBE2DFC}.Release|Any CPU.ActiveCfg = Release|Any CPU
		{F10E531E-34CC-433E-9377-9EFD0EBE2DFC}.Release|Any CPU.Build.0 = Release|Any CPU
		{A190E4DF-BCD6-4BF9-9126-8B54BAB3037D}.Debug|Any CPU.ActiveCfg = Debug|Any CPU
		{A190E4DF-BCD6-4BF9-9126-8B54BAB3037D}.Debug|Any CPU.Build.0 = Debug|Any CPU
		{A190E4DF-BCD6-4BF9-9126-8B54BAB3037D}.Release|Any CPU.ActiveCfg = Release|Any CPU
		{A190E4DF-BCD6-4BF9-9126-8B54BAB3037D}.Release|Any CPU.Build.0 = Release|Any CPU
	EndGlobalSection
	GlobalSection(SolutionProperties) = preSolution
		HideSolutionNode = FALSE
	EndGlobalSection
	GlobalSection(ExtensibilityGlobals) = postSolution
		SolutionGuid = {186BE91A-4C72-4A30-A6FE-D5CF118EEAE6}
	EndGlobalSection
EndGlobal
